// !$*UTF8*$!
{
	archiveVersion = 1;
	classes = {
	};
	objectVersion = 77;
	objects = {

/* Begin PBXBuildFile section */
		8CD2ABC12CB88B7F00958202 /* SnapshotTesting in Frameworks */ = {isa = PBXBuildFile; productRef = 8CD2ABC02CB88B7F00958202 /* SnapshotTesting */; };
/* End PBXBuildFile section */

/* Begin PBXContainerItemProxy section */
		8C1CD3A12CB9488F00557BC3 /* PBXContainerItemProxy */ = {
			isa = PBXContainerItemProxy;
			containerPortal = 8CD2A9AD2CB742A800958202 /* Project object */;
			proxyType = 1;
			remoteGlobalIDString = 8CD2A9B42CB742A800958202;
			remoteInfo = TechTestDemo;
		};
		8CD2A9C62CB742AB00958202 /* PBXContainerItemProxy */ = {
			isa = PBXContainerItemProxy;
			containerPortal = 8CD2A9AD2CB742A800958202 /* Project object */;
			proxyType = 1;
			remoteGlobalIDString = 8CD2A9B42CB742A800958202;
			remoteInfo = TechTestDemo;
		};
		8CD2A9D02CB742AC00958202 /* PBXContainerItemProxy */ = {
			isa = PBXContainerItemProxy;
			containerPortal = 8CD2A9AD2CB742A800958202 /* Project object */;
			proxyType = 1;
			remoteGlobalIDString = 8CD2A9B42CB742A800958202;
			remoteInfo = TechTestDemo;
		};
/* End PBXContainerItemProxy section */

/* Begin PBXFileReference section */
		8C1CD39B2CB9488F00557BC3 /* TechTestDemoUITesting.xctest */ = {isa = PBXFileReference; explicitFileType = wrapper.cfbundle; includeInIndex = 0; path = TechTestDemoUITesting.xctest; sourceTree = BUILT_PRODUCTS_DIR; };
		8CD2A9B52CB742A800958202 /* TechTestDemo.app */ = {isa = PBXFileReference; explicitFileType = wrapper.application; includeInIndex = 0; path = TechTestDemo.app; sourceTree = BUILT_PRODUCTS_DIR; };
		8CD2A9C52CB742AB00958202 /* TechTestDemoTests.xctest */ = {isa = PBXFileReference; explicitFileType = wrapper.cfbundle; includeInIndex = 0; path = TechTestDemoTests.xctest; sourceTree = BUILT_PRODUCTS_DIR; };
		8CD2A9CF2CB742AC00958202 /* TechTestDemoUITests.xctest */ = {isa = PBXFileReference; explicitFileType = wrapper.cfbundle; includeInIndex = 0; path = TechTestDemoUITests.xctest; sourceTree = BUILT_PRODUCTS_DIR; };
/* End PBXFileReference section */

/* Begin PBXFileSystemSynchronizedRootGroup section */
		8CD2A9B72CB742A800958202 /* TechTestDemo */ = {
			isa = PBXFileSystemSynchronizedRootGroup;
			path = TechTestDemo;
			sourceTree = "<group>";
		};
		8CD2A9C82CB742AB00958202 /* TechTestDemoTests */ = {
			isa = PBXFileSystemSynchronizedRootGroup;
			path = TechTestDemoTests;
			sourceTree = "<group>";
		};
		8CD2A9D22CB742AC00958202 /* TechTestDemoUITests */ = {
			isa = PBXFileSystemSynchronizedRootGroup;
			path = TechTestDemoUITests;
			sourceTree = "<group>";
		};
/* End PBXFileSystemSynchronizedRootGroup section */

/* Begin PBXFrameworksBuildPhase section */
		8C1CD3982CB9488F00557BC3 /* Frameworks */ = {
			isa = PBXFrameworksBuildPhase;
			buildActionMask = 2147483647;
			files = (
			);
			runOnlyForDeploymentPostprocessing = 0;
		};
		8CD2A9B22CB742A800958202 /* Frameworks */ = {
			isa = PBXFrameworksBuildPhase;
			buildActionMask = 2147483647;
			files = (
			);
			runOnlyForDeploymentPostprocessing = 0;
		};
		8CD2A9C22CB742AB00958202 /* Frameworks */ = {
			isa = PBXFrameworksBuildPhase;
			buildActionMask = 2147483647;
			files = (
				8CD2ABC12CB88B7F00958202 /* SnapshotTesting in Frameworks */,
			);
			runOnlyForDeploymentPostprocessing = 0;
		};
		8CD2A9CC2CB742AC00958202 /* Frameworks */ = {
			isa = PBXFrameworksBuildPhase;
			buildActionMask = 2147483647;
			files = (
			);
			runOnlyForDeploymentPostprocessing = 0;
		};
/* End PBXFrameworksBuildPhase section */

/* Begin PBXGroup section */
		8CD2A9AC2CB742A800958202 = {
			isa = PBXGroup;
			children = (
				8CD2A9B72CB742A800958202 /* TechTestDemo */,
				8CD2A9C82CB742AB00958202 /* TechTestDemoTests */,
				8CD2A9D22CB742AC00958202 /* TechTestDemoUITests */,
				8CD2A9B62CB742A800958202 /* Products */,
			);
			sourceTree = "<group>";
		};
		8CD2A9B62CB742A800958202 /* Products */ = {
			isa = PBXGroup;
			children = (
				8CD2A9B52CB742A800958202 /* TechTestDemo.app */,
				8CD2A9C52CB742AB00958202 /* TechTestDemoTests.xctest */,
				8CD2A9CF2CB742AC00958202 /* TechTestDemoUITests.xctest */,
				8C1CD39B2CB9488F00557BC3 /* TechTestDemoUITesting.xctest */,
			);
			name = Products;
			sourceTree = "<group>";
		};
/* End PBXGroup section */

/* Begin PBXNativeTarget section */
		8C1CD39A2CB9488F00557BC3 /* TechTestDemoUITesting */ = {
			isa = PBXNativeTarget;
			buildConfigurationList = 8C1CD3A32CB9488F00557BC3 /* Build configuration list for PBXNativeTarget "TechTestDemoUITesting" */;
			buildPhases = (
				8C1CD3972CB9488F00557BC3 /* Sources */,
				8C1CD3982CB9488F00557BC3 /* Frameworks */,
				8C1CD3992CB9488F00557BC3 /* Resources */,
			);
			buildRules = (
			);
			dependencies = (
				8C1CD3A22CB9488F00557BC3 /* PBXTargetDependency */,
			);
			name = TechTestDemoUITesting;
			packageProductDependencies = (
			);
			productName = TechTestDemoUITesting;
			productReference = 8C1CD39B2CB9488F00557BC3 /* TechTestDemoUITesting.xctest */;
			productType = "com.apple.product-type.bundle.ui-testing";
		};
		8CD2A9B42CB742A800958202 /* TechTestDemo */ = {
			isa = PBXNativeTarget;
			buildConfigurationList = 8CD2A9D92CB742AC00958202 /* Build configuration list for PBXNativeTarget "TechTestDemo" */;
			buildPhases = (
				8CD2A9B12CB742A800958202 /* Sources */,
				8CD2A9B22CB742A800958202 /* Frameworks */,
				8CD2A9B32CB742A800958202 /* Resources */,
			);
			buildRules = (
			);
			dependencies = (
			);
			fileSystemSynchronizedGroups = (
				8CD2A9B72CB742A800958202 /* TechTestDemo */,
			);
			name = TechTestDemo;
			packageProductDependencies = (
			);
			productName = TechTestDemo;
			productReference = 8CD2A9B52CB742A800958202 /* TechTestDemo.app */;
			productType = "com.apple.product-type.application";
		};
		8CD2A9C42CB742AB00958202 /* TechTestDemoTests */ = {
			isa = PBXNativeTarget;
			buildConfigurationList = 8CD2A9DC2CB742AC00958202 /* Build configuration list for PBXNativeTarget "TechTestDemoTests" */;
			buildPhases = (
				8CD2A9C12CB742AB00958202 /* Sources */,
				8CD2A9C22CB742AB00958202 /* Frameworks */,
				8CD2A9C32CB742AB00958202 /* Resources */,
			);
			buildRules = (
			);
			dependencies = (
				8CD2A9C72CB742AB00958202 /* PBXTargetDependency */,
			);
			fileSystemSynchronizedGroups = (
				8CD2A9C82CB742AB00958202 /* TechTestDemoTests */,
			);
			name = TechTestDemoTests;
			packageProductDependencies = (
				8CD2ABC02CB88B7F00958202 /* SnapshotTesting */,
			);
			productName = TechTestDemoTests;
			productReference = 8CD2A9C52CB742AB00958202 /* TechTestDemoTests.xctest */;
			productType = "com.apple.product-type.bundle.unit-test";
		};
		8CD2A9CE2CB742AC00958202 /* TechTestDemoUITests */ = {
			isa = PBXNativeTarget;
			buildConfigurationList = 8CD2A9DF2CB742AC00958202 /* Build configuration list for PBXNativeTarget "TechTestDemoUITests" */;
			buildPhases = (
				8CD2A9CB2CB742AC00958202 /* Sources */,
				8CD2A9CC2CB742AC00958202 /* Frameworks */,
				8CD2A9CD2CB742AC00958202 /* Resources */,
			);
			buildRules = (
			);
			dependencies = (
				8CD2A9D12CB742AC00958202 /* PBXTargetDependency */,
			);
			fileSystemSynchronizedGroups = (
				8CD2A9D22CB742AC00958202 /* TechTestDemoUITests */,
			);
			name = TechTestDemoUITests;
			packageProductDependencies = (
			);
			productName = TechTestDemoUITests;
			productReference = 8CD2A9CF2CB742AC00958202 /* TechTestDemoUITests.xctest */;
			productType = "com.apple.product-type.bundle.ui-testing";
		};
/* End PBXNativeTarget section */

/* Begin PBXProject section */
		8CD2A9AD2CB742A800958202 /* Project object */ = {
			isa = PBXProject;
			attributes = {
				BuildIndependentTargetsInParallel = 1;
				LastSwiftUpdateCheck = 1600;
				LastUpgradeCheck = 1600;
				TargetAttributes = {
					8C1CD39A2CB9488F00557BC3 = {
						CreatedOnToolsVersion = 16.0;
						TestTargetID = 8CD2A9B42CB742A800958202;
					};
					8CD2A9B42CB742A800958202 = {
						CreatedOnToolsVersion = 16.0;
					};
					8CD2A9C42CB742AB00958202 = {
						CreatedOnToolsVersion = 16.0;
						TestTargetID = 8CD2A9B42CB742A800958202;
					};
					8CD2A9CE2CB742AC00958202 = {
						CreatedOnToolsVersion = 16.0;
						TestTargetID = 8CD2A9B42CB742A800958202;
					};
				};
			};
			buildConfigurationList = 8CD2A9B02CB742A800958202 /* Build configuration list for PBXProject "TechTestDemo" */;
			developmentRegion = en;
			hasScannedForEncodings = 0;
			knownRegions = (
				en,
				Base,
			);
			mainGroup = 8CD2A9AC2CB742A800958202;
			minimizedProjectReferenceProxies = 1;
			packageReferences = (
				8CD2ABBF2CB88B7F00958202 /* XCRemoteSwiftPackageReference "swift-snapshot-testing" */,
			);
			preferredProjectObjectVersion = 77;
			productRefGroup = 8CD2A9B62CB742A800958202 /* Products */;
			projectDirPath = "";
			projectRoot = "";
			targets = (
				8CD2A9B42CB742A800958202 /* TechTestDemo */,
				8CD2A9C42CB742AB00958202 /* TechTestDemoTests */,
				8CD2A9CE2CB742AC00958202 /* TechTestDemoUITests */,
				8C1CD39A2CB9488F00557BC3 /* TechTestDemoUITesting */,
			);
		};
/* End PBXProject section */

/* Begin PBXResourcesBuildPhase section */
		8C1CD3992CB9488F00557BC3 /* Resources */ = {
			isa = PBXResourcesBuildPhase;
			buildActionMask = 2147483647;
			files = (
			);
			runOnlyForDeploymentPostprocessing = 0;
		};
		8CD2A9B32CB742A800958202 /* Resources */ = {
			isa = PBXResourcesBuildPhase;
			buildActionMask = 2147483647;
			files = (
			);
			runOnlyForDeploymentPostprocessing = 0;
		};
		8CD2A9C32CB742AB00958202 /* Resources */ = {
			isa = PBXResourcesBuildPhase;
			buildActionMask = 2147483647;
			files = (
			);
			runOnlyForDeploymentPostprocessing = 0;
		};
		8CD2A9CD2CB742AC00958202 /* Resources */ = {
			isa = PBXResourcesBuildPhase;
			buildActionMask = 2147483647;
			files = (
			);
			runOnlyForDeploymentPostprocessing = 0;
		};
/* End PBXResourcesBuildPhase section */

/* Begin PBXSourcesBuildPhase section */
		8C1CD3972CB9488F00557BC3 /* Sources */ = {
			isa = PBXSourcesBuildPhase;
			buildActionMask = 2147483647;
			files = (
			);
			runOnlyForDeploymentPostprocessing = 0;
		};
		8CD2A9B12CB742A800958202 /* Sources */ = {
			isa = PBXSourcesBuildPhase;
			buildActionMask = 2147483647;
			files = (
			);
			runOnlyForDeploymentPostprocessing = 0;
		};
		8CD2A9C12CB742AB00958202 /* Sources */ = {
			isa = PBXSourcesBuildPhase;
			buildActionMask = 2147483647;
			files = (
			);
			runOnlyForDeploymentPostprocessing = 0;
		};
		8CD2A9CB2CB742AC00958202 /* Sources */ = {
			isa = PBXSourcesBuildPhase;
			buildActionMask = 2147483647;
			files = (
			);
			runOnlyForDeploymentPostprocessing = 0;
		};
/* End PBXSourcesBuildPhase section */

/* Begin PBXTargetDependency section */
		8C1CD3A22CB9488F00557BC3 /* PBXTargetDependency */ = {
			isa = PBXTargetDependency;
			target = 8CD2A9B42CB742A800958202 /* TechTestDemo */;
			targetProxy = 8C1CD3A12CB9488F00557BC3 /* PBXContainerItemProxy */;
		};
		8CD2A9C72CB742AB00958202 /* PBXTargetDependency */ = {
			isa = PBXTargetDependency;
			target = 8CD2A9B42CB742A800958202 /* TechTestDemo */;
			targetProxy = 8CD2A9C62CB742AB00958202 /* PBXContainerItemProxy */;
		};
		8CD2A9D12CB742AC00958202 /* PBXTargetDependency */ = {
			isa = PBXTargetDependency;
			target = 8CD2A9B42CB742A800958202 /* TechTestDemo */;
			targetProxy = 8CD2A9D02CB742AC00958202 /* PBXContainerItemProxy */;
		};
/* End PBXTargetDependency section */

/* Begin XCBuildConfiguration section */
		8C1CD3A42CB9488F00557BC3 /* Debug */ = {
			isa = XCBuildConfiguration;
			buildSettings = {
				CODE_SIGN_STYLE = Automatic;
				CURRENT_PROJECT_VERSION = 1;
				GENERATE_INFOPLIST_FILE = YES;
				MARKETING_VERSION = 1.0;
				PRODUCT_BUNDLE_IDENTIFIER = Demo.com.TechTestDemoUITesting;
				PRODUCT_NAME = "$(TARGET_NAME)";
				SWIFT_EMIT_LOC_STRINGS = NO;
				SWIFT_VERSION = 5.0;
				TARGETED_DEVICE_FAMILY = "1,2";
				TEST_TARGET_NAME = TechTestDemo;
			};
			name = Debug;
		};
		8C1CD3A52CB9488F00557BC3 /* Release */ = {
			isa = XCBuildConfiguration;
			buildSettings = {
				CODE_SIGN_STYLE = Automatic;
				CURRENT_PROJECT_VERSION = 1;
				GENERATE_INFOPLIST_FILE = YES;
				MARKETING_VERSION = 1.0;
				PRODUCT_BUNDLE_IDENTIFIER = Demo.com.TechTestDemoUITesting;
				PRODUCT_NAME = "$(TARGET_NAME)";
				SWIFT_EMIT_LOC_STRINGS = NO;
				SWIFT_VERSION = 5.0;
				TARGETED_DEVICE_FAMILY = "1,2";
				TEST_TARGET_NAME = TechTestDemo;
			};
			name = Release;
		};
		8CD2A9D72CB742AC00958202 /* Debug */ = {
			isa = XCBuildConfiguration;
			buildSettings = {
				ALWAYS_SEARCH_USER_PATHS = NO;
				ASSETCATALOG_COMPILER_GENERATE_SWIFT_ASSET_SYMBOL_EXTENSIONS = YES;
				CLANG_ANALYZER_NONNULL = YES;
				CLANG_ANALYZER_NUMBER_OBJECT_CONVERSION = YES_AGGRESSIVE;
				CLANG_CXX_LANGUAGE_STANDARD = "gnu++20";
				CLANG_ENABLE_MODULES = YES;
				CLANG_ENABLE_OBJC_ARC = YES;
				CLANG_ENABLE_OBJC_WEAK = YES;
				CLANG_WARN_BLOCK_CAPTURE_AUTORELEASING = YES;
				CLANG_WARN_BOOL_CONVERSION = YES;
				CLANG_WARN_COMMA = YES;
				CLANG_WARN_CONSTANT_CONVERSION = YES;
				CLANG_WARN_DEPRECATED_OBJC_IMPLEMENTATIONS = YES;
				CLANG_WARN_DIRECT_OBJC_ISA_USAGE = YES_ERROR;
				CLANG_WARN_DOCUMENTATION_COMMENTS = YES;
				CLANG_WARN_EMPTY_BODY = YES;
				CLANG_WARN_ENUM_CONVERSION = YES;
				CLANG_WARN_INFINITE_RECURSION = YES;
				CLANG_WARN_INT_CONVERSION = YES;
				CLANG_WARN_NON_LITERAL_NULL_CONVERSION = YES;
				CLANG_WARN_OBJC_IMPLICIT_RETAIN_SELF = YES;
				CLANG_WARN_OBJC_LITERAL_CONVERSION = YES;
				CLANG_WARN_OBJC_ROOT_CLASS = YES_ERROR;
				CLANG_WARN_QUOTED_INCLUDE_IN_FRAMEWORK_HEADER = YES;
				CLANG_WARN_RANGE_LOOP_ANALYSIS = YES;
				CLANG_WARN_STRICT_PROTOTYPES = YES;
				CLANG_WARN_SUSPICIOUS_MOVE = YES;
				CLANG_WARN_UNGUARDED_AVAILABILITY = YES_AGGRESSIVE;
				CLANG_WARN_UNREACHABLE_CODE = YES;
				CLANG_WARN__DUPLICATE_METHOD_MATCH = YES;
				COPY_PHASE_STRIP = NO;
				DEBUG_INFORMATION_FORMAT = dwarf;
				ENABLE_STRICT_OBJC_MSGSEND = YES;
				ENABLE_TESTABILITY = YES;
				ENABLE_USER_SCRIPT_SANDBOXING = YES;
				GCC_C_LANGUAGE_STANDARD = gnu17;
				GCC_DYNAMIC_NO_PIC = NO;
				GCC_NO_COMMON_BLOCKS = YES;
				GCC_OPTIMIZATION_LEVEL = 0;
				GCC_PREPROCESSOR_DEFINITIONS = (
					"DEBUG=1",
					"$(inherited)",
				);
				GCC_WARN_64_TO_32_BIT_CONVERSION = YES;
				GCC_WARN_ABOUT_RETURN_TYPE = YES_ERROR;
				GCC_WARN_UNDECLARED_SELECTOR = YES;
				GCC_WARN_UNINITIALIZED_AUTOS = YES_AGGRESSIVE;
				GCC_WARN_UNUSED_FUNCTION = YES;
				GCC_WARN_UNUSED_VARIABLE = YES;
				IPHONEOS_DEPLOYMENT_TARGET = 18.0;
				LOCALIZATION_PREFERS_STRING_CATALOGS = YES;
				MTL_ENABLE_DEBUG_INFO = INCLUDE_SOURCE;
				MTL_FAST_MATH = YES;
				ONLY_ACTIVE_ARCH = YES;
				SDKROOT = iphoneos;
				SWIFT_ACTIVE_COMPILATION_CONDITIONS = "DEBUG $(inherited)";
				SWIFT_OPTIMIZATION_LEVEL = "-Onone";
			};
			name = Debug;
		};
		8CD2A9D82CB742AC00958202 /* Release */ = {
			isa = XCBuildConfiguration;
			buildSettings = {
				ALWAYS_SEARCH_USER_PATHS = NO;
				ASSETCATALOG_COMPILER_GENERATE_SWIFT_ASSET_SYMBOL_EXTENSIONS = YES;
				CLANG_ANALYZER_NONNULL = YES;
				CLANG_ANALYZER_NUMBER_OBJECT_CONVERSION = YES_AGGRESSIVE;
				CLANG_CXX_LANGUAGE_STANDARD = "gnu++20";
				CLANG_ENABLE_MODULES = YES;
				CLANG_ENABLE_OBJC_ARC = YES;
				CLANG_ENABLE_OBJC_WEAK = YES;
				CLANG_WARN_BLOCK_CAPTURE_AUTORELEASING = YES;
				CLANG_WARN_BOOL_CONVERSION = YES;
				CLANG_WARN_COMMA = YES;
				CLANG_WARN_CONSTANT_CONVERSION = YES;
				CLANG_WARN_DEPRECATED_OBJC_IMPLEMENTATIONS = YES;
				CLANG_WARN_DIRECT_OBJC_ISA_USAGE = YES_ERROR;
				CLANG_WARN_DOCUMENTATION_COMMENTS = YES;
				CLANG_WARN_EMPTY_BODY = YES;
				CLANG_WARN_ENUM_CONVERSION = YES;
				CLANG_WARN_INFINITE_RECURSION = YES;
				CLANG_WARN_INT_CONVERSION = YES;
				CLANG_WARN_NON_LITERAL_NULL_CONVERSION = YES;
				CLANG_WARN_OBJC_IMPLICIT_RETAIN_SELF = YES;
				CLANG_WARN_OBJC_LITERAL_CONVERSION = YES;
				CLANG_WARN_OBJC_ROOT_CLASS = YES_ERROR;
				CLANG_WARN_QUOTED_INCLUDE_IN_FRAMEWORK_HEADER = YES;
				CLANG_WARN_RANGE_LOOP_ANALYSIS = YES;
				CLANG_WARN_STRICT_PROTOTYPES = YES;
				CLANG_WARN_SUSPICIOUS_MOVE = YES;
				CLANG_WARN_UNGUARDED_AVAILABILITY = YES_AGGRESSIVE;
				CLANG_WARN_UNREACHABLE_CODE = YES;
				CLANG_WARN__DUPLICATE_METHOD_MATCH = YES;
				COPY_PHASE_STRIP = NO;
				DEBUG_INFORMATION_FORMAT = "dwarf-with-dsym";
				ENABLE_NS_ASSERTIONS = NO;
				ENABLE_STRICT_OBJC_MSGSEND = YES;
				ENABLE_USER_SCRIPT_SANDBOXING = YES;
				GCC_C_LANGUAGE_STANDARD = gnu17;
				GCC_NO_COMMON_BLOCKS = YES;
				GCC_WARN_64_TO_32_BIT_CONVERSION = YES;
				GCC_WARN_ABOUT_RETURN_TYPE = YES_ERROR;
				GCC_WARN_UNDECLARED_SELECTOR = YES;
				GCC_WARN_UNINITIALIZED_AUTOS = YES_AGGRESSIVE;
				GCC_WARN_UNUSED_FUNCTION = YES;
				GCC_WARN_UNUSED_VARIABLE = YES;
				IPHONEOS_DEPLOYMENT_TARGET = 18.0;
				LOCALIZATION_PREFERS_STRING_CATALOGS = YES;
				MTL_ENABLE_DEBUG_INFO = NO;
				MTL_FAST_MATH = YES;
				SDKROOT = iphoneos;
				SWIFT_COMPILATION_MODE = wholemodule;
				VALIDATE_PRODUCT = YES;
			};
			name = Release;
		};
		8CD2A9DA2CB742AC00958202 /* Debug */ = {
			isa = XCBuildConfiguration;
			buildSettings = {
				ASSETCATALOG_COMPILER_APPICON_NAME = AppIcon;
				ASSETCATALOG_COMPILER_GLOBAL_ACCENT_COLOR_NAME = AccentColor;
				CODE_SIGN_STYLE = Manual;
				CURRENT_PROJECT_VERSION = 1;
				DEVELOPMENT_ASSET_PATHS = "\"TechTestDemo/Preview Content\"";
				DEVELOPMENT_TEAM = "";
				ENABLE_PREVIEWS = YES;
				GENERATE_INFOPLIST_FILE = YES;
				INFOPLIST_KEY_UIApplicationSceneManifest_Generation = YES;
				INFOPLIST_KEY_UIApplicationSupportsIndirectInputEvents = YES;
				INFOPLIST_KEY_UILaunchScreen_Generation = YES;
				INFOPLIST_KEY_UISupportedInterfaceOrientations_iPad = "UIInterfaceOrientationPortrait UIInterfaceOrientationPortraitUpsideDown UIInterfaceOrientationLandscapeLeft UIInterfaceOrientationLandscapeRight";
				INFOPLIST_KEY_UISupportedInterfaceOrientations_iPhone = "UIInterfaceOrientationPortrait UIInterfaceOrientationLandscapeLeft UIInterfaceOrientationLandscapeRight";
				IPHONEOS_DEPLOYMENT_TARGET = 16.0;
				LD_RUNPATH_SEARCH_PATHS = (
					"$(inherited)",
					"@executable_path/Frameworks",
				);
				MARKETING_VERSION = 1.0;
				PRODUCT_BUNDLE_IDENTIFIER = Demo.com.TechTestDemo;
				PRODUCT_NAME = "$(TARGET_NAME)";
				PROVISIONING_PROFILE_SPECIFIER = "";
				SWIFT_EMIT_LOC_STRINGS = YES;
				SWIFT_VERSION = 5.0;
				TARGETED_DEVICE_FAMILY = "1,2";
			};
			name = Debug;
		};
		8CD2A9DB2CB742AC00958202 /* Release */ = {
			isa = XCBuildConfiguration;
			buildSettings = {
				ASSETCATALOG_COMPILER_APPICON_NAME = AppIcon;
				ASSETCATALOG_COMPILER_GLOBAL_ACCENT_COLOR_NAME = AccentColor;
				CODE_SIGN_STYLE = Manual;
				CURRENT_PROJECT_VERSION = 1;
				DEVELOPMENT_ASSET_PATHS = "\"TechTestDemo/Preview Content\"";
				DEVELOPMENT_TEAM = "";
				ENABLE_PREVIEWS = YES;
				GENERATE_INFOPLIST_FILE = YES;
				INFOPLIST_KEY_UIApplicationSceneManifest_Generation = YES;
				INFOPLIST_KEY_UIApplicationSupportsIndirectInputEvents = YES;
				INFOPLIST_KEY_UILaunchScreen_Generation = YES;
				INFOPLIST_KEY_UISupportedInterfaceOrientations_iPad = "UIInterfaceOrientationPortrait UIInterfaceOrientationPortraitUpsideDown UIInterfaceOrientationLandscapeLeft UIInterfaceOrientationLandscapeRight";
				INFOPLIST_KEY_UISupportedInterfaceOrientations_iPhone = "UIInterfaceOrientationPortrait UIInterfaceOrientationLandscapeLeft UIInterfaceOrientationLandscapeRight";
				IPHONEOS_DEPLOYMENT_TARGET = 16.0;
				LD_RUNPATH_SEARCH_PATHS = (
					"$(inherited)",
					"@executable_path/Frameworks",
				);
				MARKETING_VERSION = 1.0;
				PRODUCT_BUNDLE_IDENTIFIER = Demo.com.TechTestDemo;
				PRODUCT_NAME = "$(TARGET_NAME)";
				PROVISIONING_PROFILE_SPECIFIER = "";
				SWIFT_EMIT_LOC_STRINGS = YES;
				SWIFT_VERSION = 5.0;
				TARGETED_DEVICE_FAMILY = "1,2";
			};
			name = Release;
		};
		8CD2A9DD2CB742AC00958202 /* Debug */ = {
			isa = XCBuildConfiguration;
			buildSettings = {
				BUNDLE_LOADER = "$(TEST_HOST)";
				CODE_SIGN_STYLE = Automatic;
				CURRENT_PROJECT_VERSION = 1;
				GENERATE_INFOPLIST_FILE = YES;
				IPHONEOS_DEPLOYMENT_TARGET = 18.0;
				MARKETING_VERSION = 1.0;
				PRODUCT_BUNDLE_IDENTIFIER = Demo.com.TechTestDemoTests;
				PRODUCT_NAME = "$(TARGET_NAME)";
				SWIFT_EMIT_LOC_STRINGS = NO;
				SWIFT_VERSION = 5.0;
				TARGETED_DEVICE_FAMILY = "1,2";
				TEST_HOST = "$(BUILT_PRODUCTS_DIR)/TechTestDemo.app/$(BUNDLE_EXECUTABLE_FOLDER_PATH)/TechTestDemo";
			};
			name = Debug;
		};
		8CD2A9DE2CB742AC00958202 /* Release */ = {
			isa = XCBuildConfiguration;
			buildSettings = {
				BUNDLE_LOADER = "$(TEST_HOST)";
				CODE_SIGN_STYLE = Automatic;
				CURRENT_PROJECT_VERSION = 1;
				GENERATE_INFOPLIST_FILE = YES;
				IPHONEOS_DEPLOYMENT_TARGET = 18.0;
				MARKETING_VERSION = 1.0;
				PRODUCT_BUNDLE_IDENTIFIER = Demo.com.TechTestDemoTests;
				PRODUCT_NAME = "$(TARGET_NAME)";
				SWIFT_EMIT_LOC_STRINGS = NO;
				SWIFT_VERSION = 5.0;
				TARGETED_DEVICE_FAMILY = "1,2";
				TEST_HOST = "$(BUILT_PRODUCTS_DIR)/TechTestDemo.app/$(BUNDLE_EXECUTABLE_FOLDER_PATH)/TechTestDemo";
			};
			name = Release;
		};
		8CD2A9E02CB742AC00958202 /* Debug */ = {
			isa = XCBuildConfiguration;
			buildSettings = {
				CODE_SIGN_STYLE = Automatic;
				CURRENT_PROJECT_VERSION = 1;
				GENERATE_INFOPLIST_FILE = YES;
				MARKETING_VERSION = 1.0;
				PRODUCT_BUNDLE_IDENTIFIER = Demo.com.TechTestDemoUITests;
				PRODUCT_NAME = "$(TARGET_NAME)";
				SWIFT_EMIT_LOC_STRINGS = NO;
				SWIFT_VERSION = 5.0;
				TARGETED_DEVICE_FAMILY = "1,2";
				TEST_TARGET_NAME = TechTestDemo;
			};
			name = Debug;
		};
		8CD2A9E12CB742AC00958202 /* Release */ = {
			isa = XCBuildConfiguration;
			buildSettings = {
				CODE_SIGN_STYLE = Automatic;
				CURRENT_PROJECT_VERSION = 1;
				GENERATE_INFOPLIST_FILE = YES;
				MARKETING_VERSION = 1.0;
				PRODUCT_BUNDLE_IDENTIFIER = Demo.com.TechTestDemoUITests;
				PRODUCT_NAME = "$(TARGET_NAME)";
				SWIFT_EMIT_LOC_STRINGS = NO;
				SWIFT_VERSION = 5.0;
				TARGETED_DEVICE_FAMILY = "1,2";
				TEST_TARGET_NAME = TechTestDemo;
			};
			name = Release;
		};
/* End XCBuildConfiguration section */

/* Begin XCConfigurationList section */
		8C1CD3A32CB9488F00557BC3 /* Build configuration list for PBXNativeTarget "TechTestDemoUITesting" */ = {
			isa = XCConfigurationList;
			buildConfigurations = (
				8C1CD3A42CB9488F00557BC3 /* Debug */,
				8C1CD3A52CB9488F00557BC3 /* Release */,
			);
			defaultConfigurationIsVisible = 0;
			defaultConfigurationName = Release;
		};
		8CD2A9B02CB742A800958202 /* Build configuration list for PBXProject "TechTestDemo" */ = {
			isa = XCConfigurationList;
			buildConfigurations = (
				8CD2A9D72CB742AC00958202 /* Debug */,
				8CD2A9D82CB742AC00958202 /* Release */,
			);
			defaultConfigurationIsVisible = 0;
			defaultConfigurationName = Release;
		};
		8CD2A9D92CB742AC00958202 /* Build configuration list for PBXNativeTarget "TechTestDemo" */ = {
			isa = XCConfigurationList;
			buildConfigurations = (
				8CD2A9DA2CB742AC00958202 /* Debug */,
				8CD2A9DB2CB742AC00958202 /* Release */,
			);
			defaultConfigurationIsVisible = 0;
			defaultConfigurationName = Release;
		};
		8CD2A9DC2CB742AC00958202 /* Build configuration list for PBXNativeTarget "TechTestDemoTests" */ = {
			isa = XCConfigurationList;
			buildConfigurations = (
				8CD2A9DD2CB742AC00958202 /* Debug */,
				8CD2A9DE2CB742AC00958202 /* Release */,
			);
			defaultConfigurationIsVisible = 0;
			defaultConfigurationName = Release;
		};
		8CD2A9DF2CB742AC00958202 /* Build configuration list for PBXNativeTarget "TechTestDemoUITests" */ = {
			isa = XCConfigurationList;
			buildConfigurations = (
				8CD2A9E02CB742AC00958202 /* Debug */,
				8CD2A9E12CB742AC00958202 /* Release */,
			);
			defaultConfigurationIsVisible = 0;
			defaultConfigurationName = Release;
		};
/* End XCConfigurationList section */

/* Begin XCRemoteSwiftPackageReference section */
		8CD2ABBF2CB88B7F00958202 /* XCRemoteSwiftPackageReference "swift-snapshot-testing" */ = {
			isa = XCRemoteSwiftPackageReference;
			repositoryURL = "https://github.com/pointfreeco/swift-snapshot-testing.git";
			requirement = {
				kind = upToNextMajorVersion;
				minimumVersion = 1.17.5;
			};
		};
/* End XCRemoteSwiftPackageReference section */

/* Begin XCSwiftPackageProductDependency section */
		8CD2ABC02CB88B7F00958202 /* SnapshotTesting */ = {
			isa = XCSwiftPackageProductDependency;
			package = 8CD2ABBF2CB88B7F00958202 /* XCRemoteSwiftPackageReference "swift-snapshot-testing" */;
			productName = SnapshotTesting;
		};
/* End XCSwiftPackageProductDependency section */
	};
	rootObject = 8CD2A9AD2CB742A800958202 /* Project object */;
}
